
Microsoft Visual Studio Solution File, Format Version 12.00
# Visual Studio Version 16
VisualStudioVersion = 16.0.29503.13
MinimumVisualStudioVersion = 10.0.40219.1
Project("{9A19103F-16F7-4668-BE54-9A1E7A4F7556}") = "PruebaTecnica", "PruebaTecnica\PruebaTecnica.csproj", "{FD7D57C7-652E-4862-90FE-686C0BC5AEE2}"
EndProject
Project("{9A19103F-16F7-4668-BE54-9A1E7A4F7556}") = "PruebaTecnica.IntegrationTest", "PruebaTecnica.IntegrationTest\PruebaTecnica.IntegrationTest.csproj", "{63B69E39-9F66-4420-9E1B-A80C9F967BA2}"
EndProject
Project("{9A19103F-16F7-4668-BE54-9A1E7A4F7556}") = "RebelName", "RebelName\RebelName.csproj", "{5D8EF93E-0561-4F32-B241-72638A021C1E}"
EndProject
Project("{FAE04EC0-301F-11D3-BF4B-00C04F79EFBC}") = "PruebaTecnica.UnitTest", "PruebaTecnica.UnitTest\PruebaTecnica.UnitTest.csproj", "{FE0681CE-AFCB-4BC5-BFDD-596BF60CA314}"
EndProject
Global
	GlobalSection(SolutionConfigurationPlatforms) = preSolution
		Debug|Any CPU = Debug|Any CPU
		Release|Any CPU = Release|Any CPU
	EndGlobalSection
	GlobalSection(ProjectConfigurationPlatforms) = postSolution
		{FD7D57C7-652E-4862-90FE-686C0BC5AEE2}.Debug|Any CPU.ActiveCfg = Debug|Any CPU
		{FD7D57C7-652E-4862-90FE-686C0BC5AEE2}.Debug|Any CPU.Build.0 = Debug|Any CPU
		{FD7D57C7-652E-4862-90FE-686C0BC5AEE2}.Release|Any CPU.ActiveCfg = Release|Any CPU
		{FD7D57C7-652E-4862-90FE-686C0BC5AEE2}.Release|Any CPU.Build.0 = Release|Any CPU
		{63B69E39-9F66-4420-9E1B-A80C9F967BA2}.Debug|Any CPU.ActiveCfg = Debug|Any CPU
		{63B69E39-9F66-4420-9E1B-A80C9F967BA2}.Debug|Any CPU.Build.0 = Debug|Any CPU
		{63B69E39-9F66-4420-9E1B-A80C9F967BA2}.Release|Any CPU.ActiveCfg = Release|Any CPU
		{63B69E39-9F66-4420-9E1B-A80C9F967BA2}.Release|Any CPU.Build.0 = Release|Any CPU
		{5D8EF93E-0561-4F32-B241-72638A021C1E}.Debug|Any CPU.ActiveCfg = Debug|Any CPU
		{5D8EF93E-0561-4F32-B241-72638A021C1E}.Debug|Any CPU.Build.0 = Debug|Any CPU
		{5D8EF93E-0561-4F32-B241-72638A021C1E}.Release|Any CPU.ActiveCfg = Release|Any CPU
		{5D8EF93E-0561-4F32-B241-72638A021C1E}.Release|Any CPU.Build.0 = Release|Any CPU
		{FE0681CE-AFCB-4BC5-BFDD-596BF60CA314}.Debug|Any CPU.ActiveCfg = Debug|Any CPU
		{FE0681CE-AFCB-4BC5-BFDD-596BF60CA314}.Debug|Any CPU.Build.0 = Debug|Any CPU
		{FE0681CE-AFCB-4BC5-BFDD-596BF60CA314}.Release|Any CPU.ActiveCfg = Release|Any CPU
		{FE0681CE-AFCB-4BC5-BFDD-596BF60CA314}.Release|Any CPU.Build.0 = Release|Any CPU
	EndGlobalSection
	GlobalSection(SolutionProperties) = preSolution
		HideSolutionNode = FALSE
	EndGlobalSection
	GlobalSection(ExtensibilityGlobals) = postSolution
		SolutionGuid = {4E3FE60A-5986-4B43-AFC7-72E1F2F081B8}
	EndGlobalSection
EndGlobal
